{
  "nodes": {
    "nixpkgs": {
      "locked": {
        "lastModified": 1752502984,
        "narHash": "sha256-P6P2CPL7juTh0a3fyW/9OBv8ISmImsEdX1lGuslUw5o=",
        "owner": "NixOS",
        "repo": "nixpkgs",
        "rev": "67e2045bdd8442f5510f69c8effc374adcbef1bc",
        "type": "github"
      },
      "original": {
        "owner": "NixOS",
        "repo": "nixpkgs",
        "type": "github"
      }
    },
    "root": {
      "inputs": {
        "nixpkgs": "nixpkgs"
      }
    }
  },
  "root": "root",
  "version": 7
}
