{
  "nodes": {
    "nixpkgs": {
      "locked": {
        "lastModified": 1737388721,
        "narHash": "sha256-mSsekn7AriVVMeuuRfrQEKkHWGZMmcl63wwQJDaP+qU=",
        "owner": "NixOS",
        "repo": "nixpkgs",
        "rev": "1c7635ce775fae7afd430ef029897c836ebfbcdf",
        "type": "github"
      },
      "original": {
        "owner": "NixOS",
        "repo": "nixpkgs",
        "type": "github"
      }
    },
    "root": {
      "inputs": {
        "nixpkgs": "nixpkgs"
      }
    }
  },
  "root": "root",
  "version": 7
}
