{
  "nodes": {
    "nixpkgs": {
      "locked": {
        "lastModified": 1747764511,
        "narHash": "sha256-bLcwCNc1sO8eqiy0CcBP55F9Skq+B0P1pEfLiSmIL0s=",
        "owner": "NixOS",
        "repo": "nixpkgs",
        "rev": "9af27f1cb5bc2a33c37846f2d5985989079fbe18",
        "type": "github"
      },
      "original": {
        "owner": "NixOS",
        "repo": "nixpkgs",
        "type": "github"
      }
    },
    "root": {
      "inputs": {
        "nixpkgs": "nixpkgs"
      }
    }
  },
  "root": "root",
  "version": 7
}
